
Microsoft Visual Studio Solution File, Format Version 12.00
# Visual Studio Version 16
VisualStudioVersion = 16.0.29709.97
MinimumVisualStudioVersion = 10.0.40219.1
Project("{FAE04EC0-301F-11D3-BF4B-00C04F79EFBC}") = "TestApp.Android", "TestApp\TestApp.Android\TestApp.Android.csproj", "{AC04C04E-B51D-4BF9-BC09-CD789DDFAC8B}"
EndProject
Project("{FAE04EC0-301F-11D3-BF4B-00C04F79EFBC}") = "TestApp.iOS", "TestApp\TestApp.iOS\TestApp.iOS.csproj", "{1814C11B-E3E9-4CDF-8F73-7B9F69A10CE1}"
EndProject
Project("{FAE04EC0-301F-11D3-BF4B-00C04F79EFBC}") = "TestApp", "TestApp\TestApp\TestApp.csproj", "{36043F15-2581-4027-AC05-8D3E212A3C6B}"
EndProject
Global
	GlobalSection(SolutionConfigurationPlatforms) = preSolution
		Debug|Any CPU = Debug|Any CPU
		Debug|iPhone = Debug|iPhone
		Debug|iPhoneSimulator = Debug|iPhoneSimulator
		Release|Any CPU = Release|Any CPU
		Release|iPhone = Release|iPhone
		Release|iPhoneSimulator = Release|iPhoneSimulator
	EndGlobalSection
	GlobalSection(ProjectConfigurationPlatforms) = postSolution
		{AC04C04E-B51D-4BF9-BC09-CD789DDFAC8B}.Debug|Any CPU.ActiveCfg = Debug|Any CPU
		{AC04C04E-B51D-4BF9-BC09-CD789DDFAC8B}.Debug|Any CPU.Build.0 = Debug|Any CPU
		{AC04C04E-B51D-4BF9-BC09-CD789DDFAC8B}.Debug|Any CPU.Deploy.0 = Debug|Any CPU
		{AC04C04E-B51D-4BF9-BC09-CD789DDFAC8B}.Debug|iPhone.ActiveCfg = Debug|Any CPU
		{AC04C04E-B51D-4BF9-BC09-CD789DDFAC8B}.Debug|iPhone.Build.0 = Debug|Any CPU
		{AC04C04E-B51D-4BF9-BC09-CD789DDFAC8B}.Debug|iPhone.Deploy.0 = Debug|Any CPU
		{AC04C04E-B51D-4BF9-BC09-CD789DDFAC8B}.Debug|iPhoneSimulator.ActiveCfg = Debug|Any CPU
		{AC04C04E-B51D-4BF9-BC09-CD789DDFAC8B}.Debug|iPhoneSimulator.Build.0 = Debug|Any CPU
		{AC04C04E-B51D-4BF9-BC09-CD789DDFAC8B}.Debug|iPhoneSimulator.Deploy.0 = Debug|Any CPU
		{AC04C04E-B51D-4BF9-BC09-CD789DDFAC8B}.Release|Any CPU.ActiveCfg = Release|Any CPU
		{AC04C04E-B51D-4BF9-BC09-CD789DDFAC8B}.Release|Any CPU.Build.0 = Release|Any CPU
		{AC04C04E-B51D-4BF9-BC09-CD789DDFAC8B}.Release|Any CPU.Deploy.0 = Release|Any CPU
		{AC04C04E-B51D-4BF9-BC09-CD789DDFAC8B}.Release|iPhone.ActiveCfg = Release|Any CPU
		{AC04C04E-B51D-4BF9-BC09-CD789DDFAC8B}.Release|iPhone.Build.0 = Release|Any CPU
		{AC04C04E-B51D-4BF9-BC09-CD789DDFAC8B}.Release|iPhone.Deploy.0 = Release|Any CPU
		{AC04C04E-B51D-4BF9-BC09-CD789DDFAC8B}.Release|iPhoneSimulator.ActiveCfg = Release|Any CPU
		{AC04C04E-B51D-4BF9-BC09-CD789DDFAC8B}.Release|iPhoneSimulator.Build.0 = Release|Any CPU
		{AC04C04E-B51D-4BF9-BC09-CD789DDFAC8B}.Release|iPhoneSimulator.Deploy.0 = Release|Any CPU
		{1814C11B-E3E9-4CDF-8F73-7B9F69A10CE1}.Debug|Any CPU.ActiveCfg = Debug|iPhoneSimulator
		{1814C11B-E3E9-4CDF-8F73-7B9F69A10CE1}.Debug|Any CPU.Build.0 = Debug|iPhoneSimulator
		{1814C11B-E3E9-4CDF-8F73-7B9F69A10CE1}.Debug|Any CPU.Deploy.0 = Debug|iPhoneSimulator
		{1814C11B-E3E9-4CDF-8F73-7B9F69A10CE1}.Debug|iPhone.ActiveCfg = Debug|iPhone
		{1814C11B-E3E9-4CDF-8F73-7B9F69A10CE1}.Debug|iPhone.Build.0 = Debug|iPhone
		{1814C11B-E3E9-4CDF-8F73-7B9F69A10CE1}.Debug|iPhone.Deploy.0 = Debug|iPhone
		{1814C11B-E3E9-4CDF-8F73-7B9F69A10CE1}.Debug|iPhoneSimulator.ActiveCfg = Debug|iPhoneSimulator
		{1814C11B-E3E9-4CDF-8F73-7B9F69A10CE1}.Debug|iPhoneSimulator.Build.0 = Debug|iPhoneSimulator
		{1814C11B-E3E9-4CDF-8F73-7B9F69A10CE1}.Debug|iPhoneSimulator.Deploy.0 = Debug|iPhoneSimulator
		{1814C11B-E3E9-4CDF-8F73-7B9F69A10CE1}.Release|Any CPU.ActiveCfg = Release|iPhone
		{1814C11B-E3E9-4CDF-8F73-7B9F69A10CE1}.Release|Any CPU.Build.0 = Release|iPhone
		{1814C11B-E3E9-4CDF-8F73-7B9F69A10CE1}.Release|Any CPU.Deploy.0 = Release|iPhone
		{1814C11B-E3E9-4CDF-8F73-7B9F69A10CE1}.Release|iPhone.ActiveCfg = Release|iPhone
		{1814C11B-E3E9-4CDF-8F73-7B9F69A10CE1}.Release|iPhone.Build.0 = Release|iPhone
		{1814C11B-E3E9-4CDF-8F73-7B9F69A10CE1}.Release|iPhone.Deploy.0 = Release|iPhone
		{1814C11B-E3E9-4CDF-8F73-7B9F69A10CE1}.Release|iPhoneSimulator.ActiveCfg = Release|iPhoneSimulator
		{1814C11B-E3E9-4CDF-8F73-7B9F69A10CE1}.Release|iPhoneSimulator.Build.0 = Release|iPhoneSimulator
		{1814C11B-E3E9-4CDF-8F73-7B9F69A10CE1}.Release|iPhoneSimulator.Deploy.0 = Release|iPhoneSimulator
		{36043F15-2581-4027-AC05-8D3E212A3C6B}.Debug|Any CPU.ActiveCfg = Debug|Any CPU
		{36043F15-2581-4027-AC05-8D3E212A3C6B}.Debug|Any CPU.Build.0 = Debug|Any CPU
		{36043F15-2581-4027-AC05-8D3E212A3C6B}.Debug|Any CPU.Deploy.0 = Debug|Any CPU
		{36043F15-2581-4027-AC05-8D3E212A3C6B}.Debug|iPhone.ActiveCfg = Debug|Any CPU
		{36043F15-2581-4027-AC05-8D3E212A3C6B}.Debug|iPhone.Build.0 = Debug|Any CPU
		{36043F15-2581-4027-AC05-8D3E212A3C6B}.Debug|iPhone.Deploy.0 = Debug|Any CPU
		{36043F15-2581-4027-AC05-8D3E212A3C6B}.Debug|iPhoneSimulator.ActiveCfg = Debug|Any CPU
		{36043F15-2581-4027-AC05-8D3E212A3C6B}.Debug|iPhoneSimulator.Build.0 = Debug|Any CPU
		{36043F15-2581-4027-AC05-8D3E212A3C6B}.Debug|iPhoneSimulator.Deploy.0 = Debug|Any CPU
		{36043F15-2581-4027-AC05-8D3E212A3C6B}.Release|Any CPU.ActiveCfg = Release|Any CPU
		{36043F15-2581-4027-AC05-8D3E212A3C6B}.Release|Any CPU.Build.0 = Release|Any CPU
		{36043F15-2581-4027-AC05-8D3E212A3C6B}.Release|Any CPU.Deploy.0 = Release|Any CPU
		{36043F15-2581-4027-AC05-8D3E212A3C6B}.Release|iPhone.ActiveCfg = Release|Any CPU
		{36043F15-2581-4027-AC05-8D3E212A3C6B}.Release|iPhone.Build.0 = Release|Any CPU
		{36043F15-2581-4027-AC05-8D3E212A3C6B}.Release|iPhone.Deploy.0 = Release|Any CPU
		{36043F15-2581-4027-AC05-8D3E212A3C6B}.Release|iPhoneSimulator.ActiveCfg = Release|Any CPU
		{36043F15-2581-4027-AC05-8D3E212A3C6B}.Release|iPhoneSimulator.Build.0 = Release|Any CPU
		{36043F15-2581-4027-AC05-8D3E212A3C6B}.Release|iPhoneSimulator.Deploy.0 = Release|Any CPU
	EndGlobalSection
	GlobalSection(SolutionProperties) = preSolution
		HideSolutionNode = FALSE
	EndGlobalSection
	GlobalSection(ExtensibilityGlobals) = postSolution
		SolutionGuid = {5FE1AF46-FA30-4BDF-97F9-047ECF1F9FE6}
	EndGlobalSection
EndGlobal
